// !$*UTF8*$!
{
	archiveVersion = 1;
	classes = {
	};
	objectVersion = 46;
	objects = {

/* Begin PBXBuildFile section */
		B4BD89CB1B4062CD006DBC87 /* AgeOfLaika.jpg in Resources */ = {isa = PBXBuildFile; fileRef = B4BD89CA1B4062CD006DBC87 /* AgeOfLaika.jpg */; };
		B4E22EB51B3FC62B0013D594 /* AppDelegate.swift in Sources */ = {isa = PBXBuildFile; fileRef = B4E22EB41B3FC62B0013D594 /* AppDelegate.swift */; };
		B4E22EB71B3FC62B0013D594 /* ViewController.swift in Sources */ = {isa = PBXBuildFile; fileRef = B4E22EB61B3FC62B0013D594 /* ViewController.swift */; };
		B4E22EBA1B3FC62B0013D594 /* Main.storyboard in Resources */ = {isa = PBXBuildFile; fileRef = B4E22EB81B3FC62B0013D594 /* Main.storyboard */; };
		B4E22EBC1B3FC62B0013D594 /* Images.xcassets in Resources */ = {isa = PBXBuildFile; fileRef = B4E22EBB1B3FC62B0013D594 /* Images.xcassets */; };
		B4E22EBF1B3FC62C0013D594 /* LaunchScreen.xib in Resources */ = {isa = PBXBuildFile; fileRef = B4E22EBD1B3FC62C0013D594 /* LaunchScreen.xib */; };
		B4E22ECB1B3FC62C0013D594 /* AgeOfLaikaTests.swift in Sources */ = {isa = PBXBuildFile; fileRef = B4E22ECA1B3FC62C0013D594 /* AgeOfLaikaTests.swift */; };
/* End PBXBuildFile section */

/* Begin PBXContainerItemProxy section */
		B4E22EC51B3FC62C0013D594 /* PBXContainerItemProxy */ = {
			isa = PBXContainerItemProxy;
			containerPortal = B4E22EA71B3FC62B0013D594 /* Project object */;
			proxyType = 1;
			remoteGlobalIDString = B4E22EAE1B3FC62B0013D594;
			remoteInfo = AgeOfLaika;
		};
/* End PBXContainerItemProxy section */

/* Begin PBXFileReference section */
		B4BD89CA1B4062CD006DBC87 /* AgeOfLaika.jpg */ = {isa = PBXFileReference; lastKnownFileType = image.jpeg; path = AgeOfLaika.jpg; sourceTree = "<group>"; };
		B4E22EAF1B3FC62B0013D594 /* AgeOfLaika.app */ = {isa = PBXFileReference; explicitFileType = wrapper.application; includeInIndex = 0; path = AgeOfLaika.app; sourceTree = BUILT_PRODUCTS_DIR; };
		B4E22EB31B3FC62B0013D594 /* Info.plist */ = {isa = PBXFileReference; lastKnownFileType = text.plist.xml; path = Info.plist; sourceTree = "<group>"; };
		B4E22EB41B3FC62B0013D594 /* AppDelegate.swift */ = {isa = PBXFileReference; lastKnownFileType = sourcecode.swift; path = AppDelegate.swift; sourceTree = "<group>"; };
		B4E22EB61B3FC62B0013D594 /* ViewController.swift */ = {isa = PBXFileReference; lastKnownFileType = sourcecode.swift; path = ViewController.swift; sourceTree = "<group>"; };
		B4E22EB91B3FC62B0013D594 /* Base */ = {isa = PBXFileReference; lastKnownFileType = file.storyboard; name = Base; path = Base.lproj/Main.storyboard; sourceTree = "<group>"; };
		B4E22EBB1B3FC62B0013D594 /* Images.xcassets */ = {isa = PBXFileReference; lastKnownFileType = folder.assetcatalog; path = Images.xcassets; sourceTree = "<group>"; };
		B4E22EBE1B3FC62C0013D594 /* Base */ = {isa = PBXFileReference; lastKnownFileType = file.xib; name = Base; path = Base.lproj/LaunchScreen.xib; sourceTree = "<group>"; };
		B4E22EC41B3FC62C0013D594 /* AgeOfLaikaTests.xctest */ = {isa = PBXFileReference; explicitFileType = wrapper.cfbundle; includeInIndex = 0; path = AgeOfLaikaTests.xctest; sourceTree = BUILT_PRODUCTS_DIR; };
		B4E22EC91B3FC62C0013D594 /* Info.plist */ = {isa = PBXFileReference; lastKnownFileType = text.plist.xml; path = Info.plist; sourceTree = "<group>"; };
		B4E22ECA1B3FC62C0013D594 /* AgeOfLaikaTests.swift */ = {isa = PBXFileReference; lastKnownFileType = sourcecode.swift; path = AgeOfLaikaTests.swift; sourceTree = "<group>"; };
/* End PBXFileReference section */

/* Begin PBXFrameworksBuildPhase section */
		B4E22EAC1B3FC62B0013D594 /* Frameworks */ = {
			isa = PBXFrameworksBuildPhase;
			buildActionMask = 2147483647;
			files = (
			);
			runOnlyForDeploymentPostprocessing = 0;
		};
		B4E22EC11B3FC62C0013D594 /* Frameworks */ = {
			isa = PBXFrameworksBuildPhase;
			buildActionMask = 2147483647;
			files = (
			);
			runOnlyForDeploymentPostprocessing = 0;
		};
/* End PBXFrameworksBuildPhase section */

/* Begin PBXGroup section */
		B4E22EA61B3FC62B0013D594 = {
			isa = PBXGroup;
			children = (
				B4E22EB11B3FC62B0013D594 /* AgeOfLaika */,
				B4E22EC71B3FC62C0013D594 /* AgeOfLaikaTests */,
				B4E22EB01B3FC62B0013D594 /* Products */,
			);
			sourceTree = "<group>";
		};
		B4E22EB01B3FC62B0013D594 /* Products */ = {
			isa = PBXGroup;
			children = (
				B4E22EAF1B3FC62B0013D594 /* AgeOfLaika.app */,
				B4E22EC41B3FC62C0013D594 /* AgeOfLaikaTests.xctest */,
			);
			name = Products;
			sourceTree = "<group>";
		};
		B4E22EB11B3FC62B0013D594 /* AgeOfLaika */ = {
			isa = PBXGroup;
			children = (
				B4E22EB41B3FC62B0013D594 /* AppDelegate.swift */,
				B4E22EB61B3FC62B0013D594 /* ViewController.swift */,
				B4E22EB81B3FC62B0013D594 /* Main.storyboard */,
				B4E22EBB1B3FC62B0013D594 /* Images.xcassets */,
				B4E22EBD1B3FC62C0013D594 /* LaunchScreen.xib */,
				B4E22EB21B3FC62B0013D594 /* Supporting Files */,
			);
			path = AgeOfLaika;
			sourceTree = "<group>";
		};
		B4E22EB21B3FC62B0013D594 /* Supporting Files */ = {
			isa = PBXGroup;
			children = (
				B4BD89CA1B4062CD006DBC87 /* AgeOfLaika.jpg */,
				B4E22EB31B3FC62B0013D594 /* Info.plist */,
			);
			name = "Supporting Files";
			sourceTree = "<group>";
		};
		B4E22EC71B3FC62C0013D594 /* AgeOfLaikaTests */ = {
			isa = PBXGroup;
			children = (
				B4E22ECA1B3FC62C0013D594 /* AgeOfLaikaTests.swift */,
				B4E22EC81B3FC62C0013D594 /* Supporting Files */,
			);
			path = AgeOfLaikaTests;
			sourceTree = "<group>";
		};
		B4E22EC81B3FC62C0013D594 /* Supporting Files */ = {
			isa = PBXGroup;
			children = (
				B4E22EC91B3FC62C0013D594 /* Info.plist */,
			);
			name = "Supporting Files";
			sourceTree = "<group>";
		};
/* End PBXGroup section */

/* Begin PBXNativeTarget section */
		B4E22EAE1B3FC62B0013D594 /* AgeOfLaika */ = {
			isa = PBXNativeTarget;
			buildConfigurationList = B4E22ECE1B3FC62C0013D594 /* Build configuration list for PBXNativeTarget "AgeOfLaika" */;
			buildPhases = (
				B4E22EAB1B3FC62B0013D594 /* Sources */,
				B4E22EAC1B3FC62B0013D594 /* Frameworks */,
				B4E22EAD1B3FC62B0013D594 /* Resources */,
			);
			buildRules = (
			);
			dependencies = (
			);
			name = AgeOfLaika;
			productName = AgeOfLaika;
			productReference = B4E22EAF1B3FC62B0013D594 /* AgeOfLaika.app */;
			productType = "com.apple.product-type.application";
		};
		B4E22EC31B3FC62C0013D594 /* AgeOfLaikaTests */ = {
			isa = PBXNativeTarget;
			buildConfigurationList = B4E22ED11B3FC62C0013D594 /* Build configuration list for PBXNativeTarget "AgeOfLaikaTests" */;
			buildPhases = (
				B4E22EC01B3FC62C0013D594 /* Sources */,
				B4E22EC11B3FC62C0013D594 /* Frameworks */,
				B4E22EC21B3FC62C0013D594 /* Resources */,
			);
			buildRules = (
			);
			dependencies = (
				B4E22EC61B3FC62C0013D594 /* PBXTargetDependency */,
			);
			name = AgeOfLaikaTests;
			productName = AgeOfLaikaTests;
			productReference = B4E22EC41B3FC62C0013D594 /* AgeOfLaikaTests.xctest */;
			productType = "com.apple.product-type.bundle.unit-test";
		};
/* End PBXNativeTarget section */

/* Begin PBXProject section */
		B4E22EA71B3FC62B0013D594 /* Project object */ = {
			isa = PBXProject;
			attributes = {
				LastUpgradeCheck = 0630;
				ORGANIZATIONNAME = "bitfountain-student";
				TargetAttributes = {
					B4E22EAE1B3FC62B0013D594 = {
						CreatedOnToolsVersion = 6.3.1;
					};
					B4E22EC31B3FC62C0013D594 = {
						CreatedOnToolsVersion = 6.3.1;
						TestTargetID = B4E22EAE1B3FC62B0013D594;
					};
				};
			};
			buildConfigurationList = B4E22EAA1B3FC62B0013D594 /* Build configuration list for PBXProject "AgeOfLaika" */;
			compatibilityVersion = "Xcode 3.2";
			developmentRegion = English;
			hasScannedForEncodings = 0;
			knownRegions = (
				en,
				Base,
			);
			mainGroup = B4E22EA61B3FC62B0013D594;
			productRefGroup = B4E22EB01B3FC62B0013D594 /* Products */;
			projectDirPath = "";
			projectRoot = "";
			targets = (
				B4E22EAE1B3FC62B0013D594 /* AgeOfLaika */,
				B4E22EC31B3FC62C0013D594 /* AgeOfLaikaTests */,
			);
		};
/* End PBXProject section */

/* Begin PBXResourcesBuildPhase section */
		B4E22EAD1B3FC62B0013D594 /* Resources */ = {
			isa = PBXResourcesBuildPhase;
			buildActionMask = 2147483647;
			files = (
				B4E22EBA1B3FC62B0013D594 /* Main.storyboard in Resources */,
				B4BD89CB1B4062CD006DBC87 /* AgeOfLaika.jpg in Resources */,
				B4E22EBF1B3FC62C0013D594 /* LaunchScreen.xib in Resources */,
				B4E22EBC1B3FC62B0013D594 /* Images.xcassets in Resources */,
			);
			runOnlyForDeploymentPostprocessing = 0;
		};
		B4E22EC21B3FC62C0013D594 /* Resources */ = {
			isa = PBXResourcesBuildPhase;
			buildActionMask = 2147483647;
			files = (
			);
			runOnlyForDeploymentPostprocessing = 0;
		};
/* End PBXResourcesBuildPhase section */

/* Begin PBXSourcesBuildPhase section */
		B4E22EAB1B3FC62B0013D594 /* Sources */ = {
			isa = PBXSourcesBuildPhase;
			buildActionMask = 2147483647;
			files = (
				B4E22EB71B3FC62B0013D594 /* ViewController.swift in Sources */,
				B4E22EB51B3FC62B0013D594 /* AppDelegate.swift in Sources */,
			);
			runOnlyForDeploymentPostprocessing = 0;
		};
		B4E22EC01B3FC62C0013D594 /* Sources */ = {
			isa = PBXSourcesBuildPhase;
			buildActionMask = 2147483647;
			files = (
				B4E22ECB1B3FC62C0013D594 /* AgeOfLaikaTests.swift in Sources */,
			);
			runOnlyForDeploymentPostprocessing = 0;
		};
/* End PBXSourcesBuildPhase section */

/* Begin PBXTargetDependency section */
		B4E22EC61B3FC62C0013D594 /* PBXTargetDependency */ = {
			isa = PBXTargetDependency;
			target = B4E22EAE1B3FC62B0013D594 /* AgeOfLaika */;
			targetProxy = B4E22EC51B3FC62C0013D594 /* PBXContainerItemProxy */;
		};
/* End PBXTargetDependency section */

/* Begin PBXVariantGroup section */
		B4E22EB81B3FC62B0013D594 /* Main.storyboard */ = {
			isa = PBXVariantGroup;
			children = (
				B4E22EB91B3FC62B0013D594 /* Base */,
			);
			name = Main.storyboard;
			sourceTree = "<group>";
		};
		B4E22EBD1B3FC62C0013D594 /* LaunchScreen.xib */ = {
			isa = PBXVariantGroup;
			children = (
				B4E22EBE1B3FC62C0013D594 /* Base */,
			);
			name = LaunchScreen.xib;
			sourceTree = "<group>";
		};
/* End PBXVariantGroup section */

/* Begin XCBuildConfiguration section */
		B4E22ECC1B3FC62C0013D594 /* Debug */ = {
			isa = XCBuildConfiguration;
			buildSettings = {
				ALWAYS_SEARCH_USER_PATHS = NO;
				CLANG_CXX_LANGUAGE_STANDARD = "gnu++0x";
				CLANG_CXX_LIBRARY = "libc++";
				CLANG_ENABLE_MODULES = YES;
				CLANG_ENABLE_OBJC_ARC = YES;
				CLANG_WARN_BOOL_CONVERSION = YES;
				CLANG_WARN_CONSTANT_CONVERSION = YES;
				CLANG_WARN_DIRECT_OBJC_ISA_USAGE = YES_ERROR;
				CLANG_WARN_EMPTY_BODY = YES;
				CLANG_WARN_ENUM_CONVERSION = YES;
				CLANG_WARN_INT_CONVERSION = YES;
				CLANG_WARN_OBJC_ROOT_CLASS = YES_ERROR;
				CLANG_WARN_UNREACHABLE_CODE = YES;
				CLANG_WARN__DUPLICATE_METHOD_MATCH = YES;
				"CODE_SIGN_IDENTITY[sdk=iphoneos*]" = "iPhone Developer";
				COPY_PHASE_STRIP = NO;
				DEBUG_INFORMATION_FORMAT = "dwarf-with-dsym";
				ENABLE_STRICT_OBJC_MSGSEND = YES;
				GCC_C_LANGUAGE_STANDARD = gnu99;
				GCC_DYNAMIC_NO_PIC = NO;
				GCC_NO_COMMON_BLOCKS = YES;
				GCC_OPTIMIZATION_LEVEL = 0;
				GCC_PREPROCESSOR_DEFINITIONS = (
					"DEBUG=1",
					"$(inherited)",
				);
				GCC_SYMBOLS_PRIVATE_EXTERN = NO;
				GCC_WARN_64_TO_32_BIT_CONVERSION = YES;
				GCC_WARN_ABOUT_RETURN_TYPE = YES_ERROR;
				GCC_WARN_UNDECLARED_SELECTOR = YES;
				GCC_WARN_UNINITIALIZED_AUTOS = YES_AGGRESSIVE;
				GCC_WARN_UNUSED_FUNCTION = YES;
				GCC_WARN_UNUSED_VARIABLE = YES;
				IPHONEOS_DEPLOYMENT_TARGET = 8.3;
				MTL_ENABLE_DEBUG_INFO = YES;
				ONLY_ACTIVE_ARCH = YES;
				SDKROOT = iphoneos;
				SWIFT_OPTIMIZATION_LEVEL = "-Onone";
				TARGETED_DEVICE_FAMILY = "1,2";
			};
			name = Debug;
		};
		B4E22ECD1B3FC62C0013D594 /* Release */ = {
			isa = XCBuildConfiguration;
			buildSettings = {
				ALWAYS_SEARCH_USER_PATHS = NO;
				CLANG_CXX_LANGUAGE_STANDARD = "gnu++0x";
				CLANG_CXX_LIBRARY = "libc++";
				CLANG_ENABLE_MODULES = YES;
				CLANG_ENABLE_OBJC_ARC = YES;
				CLANG_WARN_BOOL_CONVERSION = YES;
				CLANG_WARN_CONSTANT_CONVERSION = YES;
				CLANG_WARN_DIRECT_OBJC_ISA_USAGE = YES_ERROR;
				CLANG_WARN_EMPTY_BODY = YES;
				CLANG_WARN_ENUM_CONVERSION = YES;
				CLANG_WARN_INT_CONVERSION = YES;
				CLANG_WARN_OBJC_ROOT_CLASS = YES_ERROR;
				CLANG_WARN_UNREACHABLE_CODE = YES;
				CLANG_WARN__DUPLICATE_METHOD_MATCH = YES;
				"CODE_SIGN_IDENTITY[sdk=iphoneos*]" = "iPhone Developer";
				COPY_PHASE_STRIP = NO;
				DEBUG_INFORMATION_FORMAT = "dwarf-with-dsym";
				ENABLE_NS_ASSERTIONS = NO;
				ENABLE_STRICT_OBJC_MSGSEND = YES;
				GCC_C_LANGUAGE_STANDARD = gnu99;
				GCC_NO_COMMON_BLOCKS = YES;
				GCC_WARN_64_TO_32_BIT_CONVERSION = YES;
				GCC_WARN_ABOUT_RETURN_TYPE = YES_ERROR;
				GCC_WARN_UNDECLARED_SELECTOR = YES;
				GCC_WARN_UNINITIALIZED_AUTOS = YES_AGGRESSIVE;
				GCC_WARN_UNUSED_FUNCTION = YES;
				GCC_WARN_UNUSED_VARIABLE = YES;
				IPHONEOS_DEPLOYMENT_TARGET = 8.3;
				MTL_ENABLE_DEBUG_INFO = NO;
				SDKROOT = iphoneos;
				TARGETED_DEVICE_FAMILY = "1,2";
				VALIDATE_PRODUCT = YES;
			};
			name = Release;
		};
		B4E22ECF1B3FC62C0013D594 /* Debug */ = {
			isa = XCBuildConfiguration;
			buildSettings = {
				ASSETCATALOG_COMPILER_APPICON_NAME = AppIcon;
				INFOPLIST_FILE = AgeOfLaika/Info.plist;
				LD_RUNPATH_SEARCH_PATHS = "$(inherited) @executable_path/Frameworks";
				PRODUCT_NAME = "$(TARGET_NAME)";
			};
			name = Debug;
		};
		B4E22ED01B3FC62C0013D594 /* Release */ = {
			isa = XCBuildConfiguration;
			buildSettings = {
				ASSETCATALOG_COMPILER_APPICON_NAME = AppIcon;
				INFOPLIST_FILE = AgeOfLaika/Info.plist;
				LD_RUNPATH_SEARCH_PATHS = "$(inherited) @executable_path/Frameworks";
				PRODUCT_NAME = "$(TARGET_NAME)";
			};
			name = Release;
		};
		B4E22ED21B3FC62C0013D594 /* Debug */ = {
			isa = XCBuildConfiguration;
			buildSettings = {
				BUNDLE_LOADER = "$(TEST_HOST)";
				FRAMEWORK_SEARCH_PATHS = (
					"$(SDKROOT)/Developer/Library/Frameworks",
					"$(inherited)",
				);
				GCC_PREPROCESSOR_DEFINITIONS = (
					"DEBUG=1",
					"$(inherited)",
				);
				INFOPLIST_FILE = AgeOfLaikaTests/Info.plist;
				LD_RUNPATH_SEARCH_PATHS = "$(inherited) @executable_path/Frameworks @loader_path/Frameworks";
				PRODUCT_NAME = "$(TARGET_NAME)";
				TEST_HOST = "$(BUILT_PRODUCTS_DIR)/AgeOfLaika.app/AgeOfLaika";
			};
			name = Debug;
		};
		B4E22ED31B3FC62C0013D594 /* Release */ = {
			isa = XCBuildConfiguration;
			buildSettings = {
				BUNDLE_LOADER = "$(TEST_HOST)";
				FRAMEWORK_SEARCH_PATHS = (
					"$(SDKROOT)/Developer/Library/Frameworks",
					"$(inherited)",
				);
				INFOPLIST_FILE = AgeOfLaikaTests/Info.plist;
				LD_RUNPATH_SEARCH_PATHS = "$(inherited) @executable_path/Frameworks @loader_path/Frameworks";
				PRODUCT_NAME = "$(TARGET_NAME)";
				TEST_HOST = "$(BUILT_PRODUCTS_DIR)/AgeOfLaika.app/AgeOfLaika";
			};
			name = Release;
		};
/* End XCBuildConfiguration section */

/* Begin XCConfigurationList section */
		B4E22EAA1B3FC62B0013D594 /* Build configuration list for PBXProject "AgeOfLaika" */ = {
			isa = XCConfigurationList;
			buildConfigurations = (
				B4E22ECC1B3FC62C0013D594 /* Debug */,
				B4E22ECD1B3FC62C0013D594 /* Release */,
			);
			defaultConfigurationIsVisible = 0;
			defaultConfigurationName = Release;
		};
		B4E22ECE1B3FC62C0013D594 /* Build configuration list for PBXNativeTarget "AgeOfLaika" */ = {
			isa = XCConfigurationList;
			buildConfigurations = (
				B4E22ECF1B3FC62C0013D594 /* Debug */,
				B4E22ED01B3FC62C0013D594 /* Release */,
			);
			defaultConfigurationIsVisible = 0;
			defaultConfigurationName = Release;
		};
		B4E22ED11B3FC62C0013D594 /* Build configuration list for PBXNativeTarget "AgeOfLaikaTests" */ = {
			isa = XCConfigurationList;
			buildConfigurations = (
				B4E22ED21B3FC62C0013D594 /* Debug */,
				B4E22ED31B3FC62C0013D594 /* Release */,
			);
			defaultConfigurationIsVisible = 0;
			defaultConfigurationName = Release;
		};
/* End XCConfigurationList section */
	};
	rootObject = B4E22EA71B3FC62B0013D594 /* Project object */;
}
